# Reviewed support contract for macOS ARM64 and Linux x86_64, Python 3.10 and 3.12.
pydantic-ai-slim[openai]==2.19.0 \
    --hash=sha256:5663f4e2fa0b0a63eab355ccf297bae8682bfcbb0efd7c1dd6e334860d794687
pydantic-graph==2.19.0 \
    --hash=sha256:0fae00c8989e56922cd0315f5c576e39ba3cf2fc2e1a980002bd61aa3e0f5cbc
genai-prices==0.0.72 \
    --hash=sha256:21281d8df34d9bfbb736e0763a60ceda02226938cd47379ae437a44fcf8ba23d
griffelib==2.1.0 \
    --hash=sha256:cc7b3d2d2865ad0b909fcc38086e3f554b5ea7acbaa7bbb7ecaa3f5dfb7d9f00
httpx==0.28.1 \
    --hash=sha256:d909fcccc110f8c7faf814ca82a9a4d816bc5a6dbfea25d6591d6985b8ba59ad
httpcore==1.0.9 \
    --hash=sha256:2d400746a40668fc9dec9810239072b40b4484b640a8c38fd654a024c7a1bf55
h11==0.16.0 \
    --hash=sha256:63cf8bbe7522de3bf65932fda1d9c2772064ffb3dae62d55932da54b31cb6c86
anyio==4.14.2 \
    --hash=sha256:9f505dda5ac9f0c8309b5e8bd445a8c2bf7246f3ce950121e45ea15bc41d1494
certifi==2026.7.22 \
    --hash=sha256:62f22742b58a1a33014a2b6b706588a8d7e2a88ae7bd1a6ebe8c992928483775
idna==3.18 \
    --hash=sha256:7f952cbe720b688055e3f87de14f5c3e5fdaa8bc3928985c4077ca689de849a2
opentelemetry-api==1.44.0 \
    --hash=sha256:94b98c893a91b88657eaac1e3ba89618cdb85be6918196705354f34728b2cdef
logfire-api==4.39.0 \
    --hash=sha256:20057bbd2898dec2eed02e2559bd73f4e10bc4b108987821df55e9c762da3ba8
httpx2==2.9.1 \
    --hash=sha256:1820fe14a9ab1107bfeff39259987429450b070ec0ff38cc87eb0d8c97fdc71a
httpcore2==2.9.1 \
    --hash=sha256:6182472379e855fe4221246a2bb7ecede403bc61c6798062ae1787d051ccde26
truststore==0.10.4 \
    --hash=sha256:adaeaecf1cbb5f4de3b1959b42d41f6fab57b2b1666adb59e89cb0b53361d981
pydantic==2.13.4 \
    --hash=sha256:45a282cde31d808236fd7ea9d919b128653c8b38b393d1c4ab335c62924d9aba
pydantic-core==2.46.4 \
    --hash=sha256:da4b951fe36dc7c3a1ccb4e3cd1747c3542b8c9ceede8fc86cae054e764485f5 \
    --hash=sha256:395aebd9183f9d112f569aeb5b2214d1a10a33bec8456447f7fbdfa51d38d4cd \
    --hash=sha256:962ccbab7b642487b1d8b7df90ef677e03134cf1fd8880bf698649b22a69371f \
    --hash=sha256:926c9541b14b12b1681dca8a0b75feb510b06c6341b70a8e500c2fdcff837cce
annotated-types==0.8.0 \
    --hash=sha256:f072f4d804ea359e4eaf198b1af7a8b0943881a87f31bb764f8bf219bb9419e0
typing-extensions==4.16.0 \
    --hash=sha256:481caa481374e813c1b176ada14e97f1f67a4539ce9cfeb3f350d78d6370c2e8
typing-inspection==0.4.2 \
    --hash=sha256:4ed1cacbdc298c220f1bd249ed5287caa16f34d44ef4e9c3d0cbad5b521545e7
openai==2.45.0 \
    --hash=sha256:5df105f5f8c9b711fcb9d06d2d3888cebc82506db216484c14a4e53cdf651777
tiktoken==0.12.0 \
    --hash=sha256:b6cfb6d9b7b54d20af21a912bfe63a2727d9cfa8fbda642fd8322c70340aad16 \
    --hash=sha256:6de0da39f605992649b9cfa6f84071e3f9ef2cec458d08c5feb1b6f0ff62e134 \
    --hash=sha256:2b90f5ad190a4bb7c3eb30c5fa32e1e182ca1ca79f05e49b448438c3e225a49b \
    --hash=sha256:edde1ec917dfd21c1f2f8046b86348b0f54a2c0547f68149d8600859598769ad
distro==1.9.0 \
    --hash=sha256:7bffd925d65168f85027d8da9af6bddab658135b840670a223589bc0c8ef02b2
jiter==0.16.0 \
    --hash=sha256:5a71d0d2014c3275043e1170bf3d4e771493cb0dcf07be54c567155f4d8ee64b \
    --hash=sha256:fb08c276dd02dac3a284acdd02cacc630d2e3cd6572a4b85519f35cbd133c3de \
    --hash=sha256:5af7780e4a26bd7d0d989592bf9ef12ebf806b74ab709223ecca37c749872ea9 \
    --hash=sha256:46add52f4ad47a08bfb1219f3e673da972191489a33016edefdb5ea55bfa8c48
sniffio==1.3.1 \
    --hash=sha256:2f6da418d1f1e0fddd844478f41680e794e6051915791a034ff65e5f100525a2
tqdm==4.70.0 \
    --hash=sha256:7f585706bfddbdebf89daac705b2dfcc16890130727d3197ca62c732b4310953
regex==2026.7.19 \
    --hash=sha256:5ebee1ee89c39c953baac6924fcde08c5bb427c4057510862f9d7c7bdb3d8665 \
    --hash=sha256:98c6ac18480fcdb33f35439183f1d2e79760ab41930309c6d951cb1f8e46694c \
    --hash=sha256:4458124d71339f505bf1fb94f69fd1bb8fa9d2481eebfef27c10ef4f2b9e12f6 \
    --hash=sha256:d7da47a0f248977f08e2cb659ff3c17ddc13a4d39b3a7baa0a81bf5b415430f6 \
    --hash=sha256:9dce8ec9695f531a1b8a6f314fd4b393adcccf2ea861db480cdf97a301d01a68
requests==2.34.2 \
    --hash=sha256:2a0d60c172f83ac6ab31e4554906c0f3b3588d37b5cb939b1c061f4907e278e0
charset-normalizer==3.4.9 \
    --hash=sha256:cd6280cf040f233bd7d3407b743b4b4c74f70e8e1c4199cb112a62c941c0772a \
    --hash=sha256:9bb41182d93ea91f60b4bc8fbf4c820c69ef8a12ab2d917f3f1834f1acad07e8 \
    --hash=sha256:45b0cc4e3556cd875e09102988d1ab8356c998b596c9fced84547c8138b487a0 \
    --hash=sha256:5e226f6218febc71f6c1fc2fafb91c226f75bdc1d8fb12d66823716e891608fd
urllib3==2.7.0 \
    --hash=sha256:9fb4c81ebbb1ce9531cce37674bbc6f1360472bc18ca9a553ede278ef7276897
exceptiongroup==1.3.1 ; python_version < "3.11" \
    --hash=sha256:a7a39a3bd276781e98394987d3a5701d0c4edffb633bb7a5144577f82c773598
